
Microsoft Visual Studio Solution File, Format Version 12.00
# Visual Studio 15
VisualStudioVersion = 15.0.27004.2010
MinimumVisualStudioVersion = 10.0.40219.1
Project("{FAE04EC0-301F-11D3-BF4B-00C04F79EFBC}") = "PersonalSite", "PersonalSite\PersonalSite.csproj", "{50A63D9D-FE2F-4A10-9EE6-94AEE82E59BF}"
EndProject
Global
	GlobalSection(SolutionConfigurationPlatforms) = preSolution
		Debug|Any CPU = Debug|Any CPU
		Release|Any CPU = Release|Any CPU
	EndGlobalSection
	GlobalSection(ProjectConfigurationPlatforms) = postSolution
		{50A63D9D-FE2F-4A10-9EE6-94AEE82E59BF}.Debug|Any CPU.ActiveCfg = Debug|Any CPU
		{50A63D9D-FE2F-4A10-9EE6-94AEE82E59BF}.Debug|Any CPU.Build.0 = Debug|Any CPU
		{50A63D9D-FE2F-4A10-9EE6-94AEE82E59BF}.Release|Any CPU.ActiveCfg = Release|Any CPU
		{50A63D9D-FE2F-4A10-9EE6-94AEE82E59BF}.Release|Any CPU.Build.0 = Release|Any CPU
	EndGlobalSection
	GlobalSection(SolutionProperties) = preSolution
		HideSolutionNode = FALSE
	EndGlobalSection
	GlobalSection(ExtensibilityGlobals) = postSolution
		SolutionGuid = {9CD4C210-5980-4842-AF39-E6FA6F498C79}
	EndGlobalSection
EndGlobal
